{
    __meta__ = {
        version = "1.0"
    },
    ["windows|x64"] = {
        ["abseil#f56260b5"] = {
            repo = {
                branch = "master",
                commit = "e97add9a9781124ffc3804f50e5d03a1b5cb4a65",
                url = "https://github.com/xmake-io/xmake-repo.git"
            },
            version = "20260107.1"
        },
        ["cmake#f56260b5"] = {
            repo = {
                branch = "master",
                commit = "e97add9a9781124ffc3804f50e5d03a1b5cb4a65",
                url = "https://github.com/xmake-io/xmake-repo.git"
            },
            version = "4.2.3"
        },
        ["directxmath 2024.02#f56260b5"] = {
            repo = {
                branch = "master",
                commit = "e97add9a9781124ffc3804f50e5d03a1b5cb4a65",
                url = "https://github.com/xmake-io/xmake-repo.git"
            },
            version = "2024.02"
        },
        ["directxtk 24.2.0#f56260b5"] = {
            repo = {
                branch = "master",
                commit = "e97add9a9781124ffc3804f50e5d03a1b5cb4a65",
                url = "https://github.com/xmake-io/xmake-repo.git"
            },
            version = "24.2.0"
        },
        ["doctest 2.5.0#f56260b5"] = {
            repo = {
                branch = "master",
                commit = "e97add9a9781124ffc3804f50e5d03a1b5cb4a65",
                url = "https://github.com/xmake-io/xmake-repo.git"
            },
            version = "2.5.0"
        },
        ["enet 1.3.18#f56260b5"] = {
            repo = {
                branch = "master",
                commit = "e97add9a9781124ffc3804f50e5d03a1b5cb4a65",
                url = "https://github.com/xmake-io/xmake-repo.git"
            },
            version = "v1.3.18"
        },
        ["glaze 7.0.2#f56260b5"] = {
            repo = {
                branch = "master",
                commit = "e97add9a9781124ffc3804f50e5d03a1b5cb4a65",
                url = "https://github.com/xmake-io/xmake-repo.git"
            },
            version = "v7.0.2"
        },
        ["magic_enum 0.9.7#f56260b5"] = {
            repo = {
                branch = "master",
                commit = "e97add9a9781124ffc3804f50e5d03a1b5cb4a65",
                url = "https://github.com/xmake-io/xmake-repo.git"
            },
            version = "v0.9.7"
        },
        ["ninja#f56260b5"] = {
            repo = {
                branch = "master",
                commit = "e97add9a9781124ffc3804f50e5d03a1b5cb4a65",
                url = "https://github.com/xmake-io/xmake-repo.git"
            },
            version = "v1.13.1"
        },
        ["protobuf-cpp 33.2#f56260b5"] = {
            repo = {
                branch = "master",
                commit = "e97add9a9781124ffc3804f50e5d03a1b5cb4a65",
                url = "https://github.com/xmake-io/xmake-repo.git"
            },
            version = "33.2"
        },
        ["rapidcsv v8.92#f56260b5"] = {
            repo = {
                branch = "master",
                commit = "e97add9a9781124ffc3804f50e5d03a1b5cb4a65",
                url = "https://github.com/xmake-io/xmake-repo.git"
            },
            version = "v8.92"
        },
        ["spdlog 1.17.0#09c8c173"] = {
            repo = {
                branch = "master",
                commit = "e97add9a9781124ffc3804f50e5d03a1b5cb4a65",
                url = "https://github.com/xmake-io/xmake-repo.git"
            },
            version = "v1.17.0"
        },
        ["spdlog v1.16.0#09c8c173"] = {
            repo = {
                branch = "master",
                commit = "e97add9a9781124ffc3804f50e5d03a1b5cb4a65",
                url = "https://github.com/xmake-io/xmake-repo.git"
            },
            version = "v1.16.0"
        },
        ["xbyak v7.06#f56260b5"] = {
            repo = {
                branch = "master",
                commit = "e97add9a9781124ffc3804f50e5d03a1b5cb4a65",
                url = "https://github.com/xmake-io/xmake-repo.git"
            },
            version = "v7.06"
        }
    }
}